
Microsoft Visual Studio Solution File, Format Version 12.00
# Visual Studio 2013
VisualStudioVersion = 12.0.30723.0
MinimumVisualStudioVersion = 10.0.40219.1
Project("{FAE04EC0-301F-11D3-BF4B-00C04F79EFBC}") = "WebCMD", "WebCMD\WebCMD.csproj", "{8B8D24B2-3D03-4E8B-A0FB-CC697D589CAA}"
	ProjectSection(ProjectDependencies) = postProject
		{4ADB3C1F-6868-4B39-B200-E9DDF5690162} = {4ADB3C1F-6868-4B39-B200-E9DDF5690162}
		{A1F335BC-457B-4911-BC18-901F7FC1DC34} = {A1F335BC-457B-4911-BC18-901F7FC1DC34}
		{1BF416DB-6B34-4277-826C-4CCC10D8E315} = {1BF416DB-6B34-4277-826C-4CCC10D8E315}
	EndProjectSection
EndProject
Project("{FAE04EC0-301F-11D3-BF4B-00C04F79EFBC}") = "WebCMD.Com", "WebCMD.Com\WebCMD.Com.csproj", "{62B5F2E9-A641-40C9-9A38-DF13BB496381}"
EndProject
Project("{FAE04EC0-301F-11D3-BF4B-00C04F79EFBC}") = "WebCMD.Util", "WebCMD.Util\WebCMD.Util.csproj", "{B21F84FF-9F8F-4218-B9C0-51C552FDD606}"
EndProject
Project("{FAE04EC0-301F-11D3-BF4B-00C04F79EFBC}") = "WebCMD.Net", "WebCMD.Net\WebCMD.Net.csproj", "{CCB1B793-0C8B-4554-B2B1-BF488573B6C7}"
EndProject
Project("{2150E333-8FDC-42A3-9474-1A3956D46DE8}") = "ComLibs", "ComLibs", "{FB97156C-A78B-4F30-858E-58137BE6D4FD}"
EndProject
Project("{FAE04EC0-301F-11D3-BF4B-00C04F79EFBC}") = "WebCMD.Internal", "..\WebCMD.Com.Lib\WebCMD.Internal\WebCMD.Internal.csproj", "{1BF416DB-6B34-4277-826C-4CCC10D8E315}"
EndProject
Project("{FAE04EC0-301F-11D3-BF4B-00C04F79EFBC}") = "TodoList", "..\WebCMD.Com.Lib\TodoList\TodoList.csproj", "{4ADB3C1F-6868-4B39-B200-E9DDF5690162}"
EndProject
Project("{FAE04EC0-301F-11D3-BF4B-00C04F79EFBC}") = "Meow", "..\WebCMD.Com.Lib\Meow\Meow.csproj", "{A1F335BC-457B-4911-BC18-901F7FC1DC34}"
EndProject
Global
	GlobalSection(SolutionConfigurationPlatforms) = preSolution
		Debug|Any CPU = Debug|Any CPU
		Release|Any CPU = Release|Any CPU
	EndGlobalSection
	GlobalSection(ProjectConfigurationPlatforms) = postSolution
		{8B8D24B2-3D03-4E8B-A0FB-CC697D589CAA}.Debug|Any CPU.ActiveCfg = Debug|Any CPU
		{8B8D24B2-3D03-4E8B-A0FB-CC697D589CAA}.Debug|Any CPU.Build.0 = Debug|Any CPU
		{8B8D24B2-3D03-4E8B-A0FB-CC697D589CAA}.Release|Any CPU.ActiveCfg = Release|Any CPU
		{8B8D24B2-3D03-4E8B-A0FB-CC697D589CAA}.Release|Any CPU.Build.0 = Release|Any CPU
		{62B5F2E9-A641-40C9-9A38-DF13BB496381}.Debug|Any CPU.ActiveCfg = Debug|Any CPU
		{62B5F2E9-A641-40C9-9A38-DF13BB496381}.Debug|Any CPU.Build.0 = Debug|Any CPU
		{62B5F2E9-A641-40C9-9A38-DF13BB496381}.Release|Any CPU.ActiveCfg = Release|Any CPU
		{62B5F2E9-A641-40C9-9A38-DF13BB496381}.Release|Any CPU.Build.0 = Release|Any CPU
		{B21F84FF-9F8F-4218-B9C0-51C552FDD606}.Debug|Any CPU.ActiveCfg = Debug|Any CPU
		{B21F84FF-9F8F-4218-B9C0-51C552FDD606}.Debug|Any CPU.Build.0 = Debug|Any CPU
		{B21F84FF-9F8F-4218-B9C0-51C552FDD606}.Release|Any CPU.ActiveCfg = Release|Any CPU
		{B21F84FF-9F8F-4218-B9C0-51C552FDD606}.Release|Any CPU.Build.0 = Release|Any CPU
		{CCB1B793-0C8B-4554-B2B1-BF488573B6C7}.Debug|Any CPU.ActiveCfg = Debug|Any CPU
		{CCB1B793-0C8B-4554-B2B1-BF488573B6C7}.Debug|Any CPU.Build.0 = Debug|Any CPU
		{CCB1B793-0C8B-4554-B2B1-BF488573B6C7}.Release|Any CPU.ActiveCfg = Release|Any CPU
		{CCB1B793-0C8B-4554-B2B1-BF488573B6C7}.Release|Any CPU.Build.0 = Release|Any CPU
		{1BF416DB-6B34-4277-826C-4CCC10D8E315}.Debug|Any CPU.ActiveCfg = Debug|Any CPU
		{1BF416DB-6B34-4277-826C-4CCC10D8E315}.Debug|Any CPU.Build.0 = Debug|Any CPU
		{1BF416DB-6B34-4277-826C-4CCC10D8E315}.Release|Any CPU.ActiveCfg = Release|Any CPU
		{1BF416DB-6B34-4277-826C-4CCC10D8E315}.Release|Any CPU.Build.0 = Release|Any CPU
		{4ADB3C1F-6868-4B39-B200-E9DDF5690162}.Debug|Any CPU.ActiveCfg = Debug|Any CPU
		{4ADB3C1F-6868-4B39-B200-E9DDF5690162}.Debug|Any CPU.Build.0 = Debug|Any CPU
		{4ADB3C1F-6868-4B39-B200-E9DDF5690162}.Release|Any CPU.ActiveCfg = Release|Any CPU
		{4ADB3C1F-6868-4B39-B200-E9DDF5690162}.Release|Any CPU.Build.0 = Release|Any CPU
		{A1F335BC-457B-4911-BC18-901F7FC1DC34}.Debug|Any CPU.ActiveCfg = Debug|Any CPU
		{A1F335BC-457B-4911-BC18-901F7FC1DC34}.Debug|Any CPU.Build.0 = Debug|Any CPU
		{A1F335BC-457B-4911-BC18-901F7FC1DC34}.Release|Any CPU.ActiveCfg = Release|Any CPU
		{A1F335BC-457B-4911-BC18-901F7FC1DC34}.Release|Any CPU.Build.0 = Release|Any CPU
	EndGlobalSection
	GlobalSection(SolutionProperties) = preSolution
		HideSolutionNode = FALSE
	EndGlobalSection
	GlobalSection(NestedProjects) = preSolution
		{1BF416DB-6B34-4277-826C-4CCC10D8E315} = {FB97156C-A78B-4F30-858E-58137BE6D4FD}
		{4ADB3C1F-6868-4B39-B200-E9DDF5690162} = {FB97156C-A78B-4F30-858E-58137BE6D4FD}
		{A1F335BC-457B-4911-BC18-901F7FC1DC34} = {FB97156C-A78B-4F30-858E-58137BE6D4FD}
	EndGlobalSection
EndGlobal
